// !$*UTF8*$!
{
	archiveVersion = 1;
	classes = {
	};
	objectVersion = 48;
	objects = {

/* Begin PBXBuildFile section */
		4B14D7F32230C43300DF8742 /* login.png in Resources */ = {isa = PBXBuildFile; fileRef = 4B14D7F22230C43300DF8742 /* login.png */; };
		4B14D7F52230E5FF00DF8742 /* login1.png in Resources */ = {isa = PBXBuildFile; fileRef = 4B14D7F42230E5FE00DF8742 /* login1.png */; };
		4B14D7F82230EA2200DF8742 /* fb.png in Resources */ = {isa = PBXBuildFile; fileRef = 4B14D7F62230EA2100DF8742 /* fb.png */; };
		4B14D7F92230EA2200DF8742 /* gplus.png in Resources */ = {isa = PBXBuildFile; fileRef = 4B14D7F72230EA2100DF8742 /* gplus.png */; };
		4B14D7FC2230F1A900DF8742 /* SignupViewController.m in Sources */ = {isa = PBXBuildFile; fileRef = 4B14D7FB2230F1A900DF8742 /* SignupViewController.m */; };
		4B16FC0C222ED08C00DDEB62 /* AppDelegate.m in Sources */ = {isa = PBXBuildFile; fileRef = 4B16FC0B222ED08C00DDEB62 /* AppDelegate.m */; };
		4B16FC0F222ED08C00DDEB62 /* ViewController.m in Sources */ = {isa = PBXBuildFile; fileRef = 4B16FC0E222ED08C00DDEB62 /* ViewController.m */; };
		4B16FC12222ED08C00DDEB62 /* Main.storyboard in Resources */ = {isa = PBXBuildFile; fileRef = 4B16FC10222ED08C00DDEB62 /* Main.storyboard */; };
		4B16FC14222ED08C00DDEB62 /* Assets.xcassets in Resources */ = {isa = PBXBuildFile; fileRef = 4B16FC13222ED08C00DDEB62 /* Assets.xcassets */; };
		4B16FC17222ED08C00DDEB62 /* LaunchScreen.storyboard in Resources */ = {isa = PBXBuildFile; fileRef = 4B16FC15222ED08C00DDEB62 /* LaunchScreen.storyboard */; };
		4B16FC1A222ED08C00DDEB62 /* main.m in Sources */ = {isa = PBXBuildFile; fileRef = 4B16FC19222ED08C00DDEB62 /* main.m */; };
/* End PBXBuildFile section */

/* Begin PBXFileReference section */
		4B14D7F22230C43300DF8742 /* login.png */ = {isa = PBXFileReference; lastKnownFileType = image.png; path = login.png; sourceTree = "<group>"; };
		4B14D7F42230E5FE00DF8742 /* login1.png */ = {isa = PBXFileReference; lastKnownFileType = image.png; path = login1.png; sourceTree = "<group>"; };
		4B14D7F62230EA2100DF8742 /* fb.png */ = {isa = PBXFileReference; lastKnownFileType = image.png; path = fb.png; sourceTree = "<group>"; };
		4B14D7F72230EA2100DF8742 /* gplus.png */ = {isa = PBXFileReference; lastKnownFileType = image.png; path = gplus.png; sourceTree = "<group>"; };
		4B14D7FA2230F1A900DF8742 /* SignupViewController.h */ = {isa = PBXFileReference; lastKnownFileType = sourcecode.c.h; path = SignupViewController.h; sourceTree = "<group>"; };
		4B14D7FB2230F1A900DF8742 /* SignupViewController.m */ = {isa = PBXFileReference; lastKnownFileType = sourcecode.c.objc; path = SignupViewController.m; sourceTree = "<group>"; };
		4B16FC07222ED08C00DDEB62 /* FinancialUIkit.app */ = {isa = PBXFileReference; explicitFileType = wrapper.application; includeInIndex = 0; path = FinancialUIkit.app; sourceTree = BUILT_PRODUCTS_DIR; };
		4B16FC0A222ED08C00DDEB62 /* AppDelegate.h */ = {isa = PBXFileReference; lastKnownFileType = sourcecode.c.h; path = AppDelegate.h; sourceTree = "<group>"; };
		4B16FC0B222ED08C00DDEB62 /* AppDelegate.m */ = {isa = PBXFileReference; lastKnownFileType = sourcecode.c.objc; path = AppDelegate.m; sourceTree = "<group>"; };
		4B16FC0D222ED08C00DDEB62 /* ViewController.h */ = {isa = PBXFileReference; lastKnownFileType = sourcecode.c.h; path = ViewController.h; sourceTree = "<group>"; };
		4B16FC0E222ED08C00DDEB62 /* ViewController.m */ = {isa = PBXFileReference; lastKnownFileType = sourcecode.c.objc; path = ViewController.m; sourceTree = "<group>"; };
		4B16FC11222ED08C00DDEB62 /* Base */ = {isa = PBXFileReference; lastKnownFileType = file.storyboard; name = Base; path = Base.lproj/Main.storyboard; sourceTree = "<group>"; };
		4B16FC13222ED08C00DDEB62 /* Assets.xcassets */ = {isa = PBXFileReference; lastKnownFileType = folder.assetcatalog; path = Assets.xcassets; sourceTree = "<group>"; };
		4B16FC16222ED08C00DDEB62 /* Base */ = {isa = PBXFileReference; lastKnownFileType = file.storyboard; name = Base; path = Base.lproj/LaunchScreen.storyboard; sourceTree = "<group>"; };
		4B16FC18222ED08C00DDEB62 /* Info.plist */ = {isa = PBXFileReference; lastKnownFileType = text.plist.xml; path = Info.plist; sourceTree = "<group>"; };
		4B16FC19222ED08C00DDEB62 /* main.m */ = {isa = PBXFileReference; lastKnownFileType = sourcecode.c.objc; path = main.m; sourceTree = "<group>"; };
/* End PBXFileReference section */

/* Begin PBXFrameworksBuildPhase section */
		4B16FC04222ED08C00DDEB62 /* Frameworks */ = {
			isa = PBXFrameworksBuildPhase;
			buildActionMask = 2147483647;
			files = (
			);
			runOnlyForDeploymentPostprocessing = 0;
		};
/* End PBXFrameworksBuildPhase section */

/* Begin PBXGroup section */
		4B16FBFE222ED08C00DDEB62 = {
			isa = PBXGroup;
			children = (
				4B16FC09222ED08C00DDEB62 /* FinancialUIkit */,
				4B16FC08222ED08C00DDEB62 /* Products */,
			);
			sourceTree = "<group>";
		};
		4B16FC08222ED08C00DDEB62 /* Products */ = {
			isa = PBXGroup;
			children = (
				4B16FC07222ED08C00DDEB62 /* FinancialUIkit.app */,
			);
			name = Products;
			sourceTree = "<group>";
		};
		4B16FC09222ED08C00DDEB62 /* FinancialUIkit */ = {
			isa = PBXGroup;
			children = (
				AE671CE72230FFCD00C677C1 /* Helper Class */,
				AE671CE62230FFC700C677C1 /* Model */,
				AE671CE52230FFAD00C677C1 /* View Controllers */,
				AE671CE42230FFA400C677C1 /* UI */,
				AE671CE32230FF9D00C677C1 /* Data */,
				AE671CE22230FF8D00C677C1 /* BundleFiles */,
				4B14D7F22230C43300DF8742 /* login.png */,
				4B14D7F42230E5FE00DF8742 /* login1.png */,
				4B14D7F62230EA2100DF8742 /* fb.png */,
				4B14D7F72230EA2100DF8742 /* gplus.png */,
			);
			path = FinancialUIkit;
			sourceTree = "<group>";
		};
		AE671CE22230FF8D00C677C1 /* BundleFiles */ = {
			isa = PBXGroup;
			children = (
				4B16FC19222ED08C00DDEB62 /* main.m */,
				4B16FC13222ED08C00DDEB62 /* Assets.xcassets */,
				4B16FC0A222ED08C00DDEB62 /* AppDelegate.h */,
				4B16FC0B222ED08C00DDEB62 /* AppDelegate.m */,
			);
			path = BundleFiles;
			sourceTree = "<group>";
		};
		AE671CE32230FF9D00C677C1 /* Data */ = {
			isa = PBXGroup;
			children = (
				4B16FC18222ED08C00DDEB62 /* Info.plist */,
			);
			path = Data;
			sourceTree = "<group>";
		};
		AE671CE42230FFA400C677C1 /* UI */ = {
			isa = PBXGroup;
			children = (
				4B16FC15222ED08C00DDEB62 /* LaunchScreen.storyboard */,
				4B16FC10222ED08C00DDEB62 /* Main.storyboard */,
			);
			path = UI;
			sourceTree = "<group>";
		};
		AE671CE52230FFAD00C677C1 /* View Controllers */ = {
			isa = PBXGroup;
			children = (
				4B14D7FA2230F1A900DF8742 /* SignupViewController.h */,
				4B14D7FB2230F1A900DF8742 /* SignupViewController.m */,
				4B16FC0D222ED08C00DDEB62 /* ViewController.h */,
				4B16FC0E222ED08C00DDEB62 /* ViewController.m */,
			);
			path = "View Controllers";
			sourceTree = "<group>";
		};
		AE671CE62230FFC700C677C1 /* Model */ = {
			isa = PBXGroup;
			children = (
			);
			path = Model;
			sourceTree = "<group>";
		};
		AE671CE72230FFCD00C677C1 /* Helper Class */ = {
			isa = PBXGroup;
			children = (
			);
			path = "Helper Class";
			sourceTree = "<group>";
		};
/* End PBXGroup section */

/* Begin PBXNativeTarget section */
		4B16FC06222ED08C00DDEB62 /* FinancialUIkit */ = {
			isa = PBXNativeTarget;
			buildConfigurationList = 4B16FC1D222ED08C00DDEB62 /* Build configuration list for PBXNativeTarget "FinancialUIkit" */;
			buildPhases = (
				4B16FC03222ED08C00DDEB62 /* Sources */,
				4B16FC04222ED08C00DDEB62 /* Frameworks */,
				4B16FC05222ED08C00DDEB62 /* Resources */,
			);
			buildRules = (
			);
			dependencies = (
			);
			name = FinancialUIkit;
			productName = FinancialUIkit;
			productReference = 4B16FC07222ED08C00DDEB62 /* FinancialUIkit.app */;
			productType = "com.apple.product-type.application";
		};
/* End PBXNativeTarget section */

/* Begin PBXProject section */
		4B16FBFF222ED08C00DDEB62 /* Project object */ = {
			isa = PBXProject;
			attributes = {
				LastUpgradeCheck = 0920;
				ORGANIZATIONNAME = Karthick;
				TargetAttributes = {
					4B16FC06222ED08C00DDEB62 = {
						CreatedOnToolsVersion = 9.2;
						ProvisioningStyle = Automatic;
					};
				};
			};
			buildConfigurationList = 4B16FC02222ED08C00DDEB62 /* Build configuration list for PBXProject "FinancialUIkit" */;
			compatibilityVersion = "Xcode 8.0";
			developmentRegion = en;
			hasScannedForEncodings = 0;
			knownRegions = (
				en,
				Base,
			);
			mainGroup = 4B16FBFE222ED08C00DDEB62;
			productRefGroup = 4B16FC08222ED08C00DDEB62 /* Products */;
			projectDirPath = "";
			projectRoot = "";
			targets = (
				4B16FC06222ED08C00DDEB62 /* FinancialUIkit */,
			);
		};
/* End PBXProject section */

/* Begin PBXResourcesBuildPhase section */
		4B16FC05222ED08C00DDEB62 /* Resources */ = {
			isa = PBXResourcesBuildPhase;
			buildActionMask = 2147483647;
			files = (
				4B14D7F92230EA2200DF8742 /* gplus.png in Resources */,
				4B16FC17222ED08C00DDEB62 /* LaunchScreen.storyboard in Resources */,
				4B14D7F32230C43300DF8742 /* login.png in Resources */,
				4B14D7F52230E5FF00DF8742 /* login1.png in Resources */,
				4B16FC14222ED08C00DDEB62 /* Assets.xcassets in Resources */,
				4B16FC12222ED08C00DDEB62 /* Main.storyboard in Resources */,
				4B14D7F82230EA2200DF8742 /* fb.png in Resources */,
			);
			runOnlyForDeploymentPostprocessing = 0;
		};
/* End PBXResourcesBuildPhase section */

/* Begin PBXSourcesBuildPhase section */
		4B16FC03222ED08C00DDEB62 /* Sources */ = {
			isa = PBXSourcesBuildPhase;
			buildActionMask = 2147483647;
			files = (
				4B16FC0F222ED08C00DDEB62 /* ViewController.m in Sources */,
				4B16FC1A222ED08C00DDEB62 /* main.m in Sources */,
				4B14D7FC2230F1A900DF8742 /* SignupViewController.m in Sources */,
				4B16FC0C222ED08C00DDEB62 /* AppDelegate.m in Sources */,
			);
			runOnlyForDeploymentPostprocessing = 0;
		};
/* End PBXSourcesBuildPhase section */

/* Begin PBXVariantGroup section */
		4B16FC10222ED08C00DDEB62 /* Main.storyboard */ = {
			isa = PBXVariantGroup;
			children = (
				4B16FC11222ED08C00DDEB62 /* Base */,
			);
			name = Main.storyboard;
			sourceTree = "<group>";
		};
		4B16FC15222ED08C00DDEB62 /* LaunchScreen.storyboard */ = {
			isa = PBXVariantGroup;
			children = (
				4B16FC16222ED08C00DDEB62 /* Base */,
			);
			name = LaunchScreen.storyboard;
			sourceTree = "<group>";
		};
/* End PBXVariantGroup section */

/* Begin XCBuildConfiguration section */
		4B16FC1B222ED08C00DDEB62 /* Debug */ = {
			isa = XCBuildConfiguration;
			buildSettings = {
				ALWAYS_SEARCH_USER_PATHS = NO;
				CLANG_ANALYZER_NONNULL = YES;
				CLANG_ANALYZER_NUMBER_OBJECT_CONVERSION = YES_AGGRESSIVE;
				CLANG_CXX_LANGUAGE_STANDARD = "gnu++14";
				CLANG_CXX_LIBRARY = "libc++";
				CLANG_ENABLE_MODULES = YES;
				CLANG_ENABLE_OBJC_ARC = YES;
				CLANG_WARN_BLOCK_CAPTURE_AUTORELEASING = YES;
				CLANG_WARN_BOOL_CONVERSION = YES;
				CLANG_WARN_COMMA = YES;
				CLANG_WARN_CONSTANT_CONVERSION = YES;
				CLANG_WARN_DIRECT_OBJC_ISA_USAGE = YES_ERROR;
				CLANG_WARN_DOCUMENTATION_COMMENTS = YES;
				CLANG_WARN_EMPTY_BODY = YES;
				CLANG_WARN_ENUM_CONVERSION = YES;
				CLANG_WARN_INFINITE_RECURSION = YES;
				CLANG_WARN_INT_CONVERSION = YES;
				CLANG_WARN_NON_LITERAL_NULL_CONVERSION = YES;
				CLANG_WARN_OBJC_LITERAL_CONVERSION = YES;
				CLANG_WARN_OBJC_ROOT_CLASS = YES_ERROR;
				CLANG_WARN_RANGE_LOOP_ANALYSIS = YES;
				CLANG_WARN_STRICT_PROTOTYPES = YES;
				CLANG_WARN_SUSPICIOUS_MOVE = YES;
				CLANG_WARN_UNGUARDED_AVAILABILITY = YES_AGGRESSIVE;
				CLANG_WARN_UNREACHABLE_CODE = YES;
				CLANG_WARN__DUPLICATE_METHOD_MATCH = YES;
				CODE_SIGN_IDENTITY = "iPhone Developer";
				COPY_PHASE_STRIP = NO;
				DEBUG_INFORMATION_FORMAT = dwarf;
				ENABLE_STRICT_OBJC_MSGSEND = YES;
				ENABLE_TESTABILITY = YES;
				GCC_C_LANGUAGE_STANDARD = gnu11;
				GCC_DYNAMIC_NO_PIC = NO;
				GCC_NO_COMMON_BLOCKS = YES;
				GCC_OPTIMIZATION_LEVEL = 0;
				GCC_PREPROCESSOR_DEFINITIONS = (
					"DEBUG=1",
					"$(inherited)",
				);
				GCC_WARN_64_TO_32_BIT_CONVERSION = YES;
				GCC_WARN_ABOUT_RETURN_TYPE = YES_ERROR;
				GCC_WARN_UNDECLARED_SELECTOR = YES;
				GCC_WARN_UNINITIALIZED_AUTOS = YES_AGGRESSIVE;
				GCC_WARN_UNUSED_FUNCTION = YES;
				GCC_WARN_UNUSED_VARIABLE = YES;
				IPHONEOS_DEPLOYMENT_TARGET = 11.2;
				MTL_ENABLE_DEBUG_INFO = YES;
				ONLY_ACTIVE_ARCH = YES;
				SDKROOT = iphoneos;
			};
			name = Debug;
		};
		4B16FC1C222ED08C00DDEB62 /* Release */ = {
			isa = XCBuildConfiguration;
			buildSettings = {
				ALWAYS_SEARCH_USER_PATHS = NO;
				CLANG_ANALYZER_NONNULL = YES;
				CLANG_ANALYZER_NUMBER_OBJECT_CONVERSION = YES_AGGRESSIVE;
				CLANG_CXX_LANGUAGE_STANDARD = "gnu++14";
				CLANG_CXX_LIBRARY = "libc++";
				CLANG_ENABLE_MODULES = YES;
				CLANG_ENABLE_OBJC_ARC = YES;
				CLANG_WARN_BLOCK_CAPTURE_AUTORELEASING = YES;
				CLANG_WARN_BOOL_CONVERSION = YES;
				CLANG_WARN_COMMA = YES;
				CLANG_WARN_CONSTANT_CONVERSION = YES;
				CLANG_WARN_DIRECT_OBJC_ISA_USAGE = YES_ERROR;
				CLANG_WARN_DOCUMENTATION_COMMENTS = YES;
				CLANG_WARN_EMPTY_BODY = YES;
				CLANG_WARN_ENUM_CONVERSION = YES;
				CLANG_WARN_INFINITE_RECURSION = YES;
				CLANG_WARN_INT_CONVERSION = YES;
				CLANG_WARN_NON_LITERAL_NULL_CONVERSION = YES;
				CLANG_WARN_OBJC_LITERAL_CONVERSION = YES;
				CLANG_WARN_OBJC_ROOT_CLASS = YES_ERROR;
				CLANG_WARN_RANGE_LOOP_ANALYSIS = YES;
				CLANG_WARN_STRICT_PROTOTYPES = YES;
				CLANG_WARN_SUSPICIOUS_MOVE = YES;
				CLANG_WARN_UNGUARDED_AVAILABILITY = YES_AGGRESSIVE;
				CLANG_WARN_UNREACHABLE_CODE = YES;
				CLANG_WARN__DUPLICATE_METHOD_MATCH = YES;
				CODE_SIGN_IDENTITY = "iPhone Developer";
				COPY_PHASE_STRIP = NO;
				DEBUG_INFORMATION_FORMAT = "dwarf-with-dsym";
				ENABLE_NS_ASSERTIONS = NO;
				ENABLE_STRICT_OBJC_MSGSEND = YES;
				GCC_C_LANGUAGE_STANDARD = gnu11;
				GCC_NO_COMMON_BLOCKS = YES;
				GCC_WARN_64_TO_32_BIT_CONVERSION = YES;
				GCC_WARN_ABOUT_RETURN_TYPE = YES_ERROR;
				GCC_WARN_UNDECLARED_SELECTOR = YES;
				GCC_WARN_UNINITIALIZED_AUTOS = YES_AGGRESSIVE;
				GCC_WARN_UNUSED_FUNCTION = YES;
				GCC_WARN_UNUSED_VARIABLE = YES;
				IPHONEOS_DEPLOYMENT_TARGET = 11.2;
				MTL_ENABLE_DEBUG_INFO = NO;
				SDKROOT = iphoneos;
				VALIDATE_PRODUCT = YES;
			};
			name = Release;
		};
		4B16FC1E222ED08C00DDEB62 /* Debug */ = {
			isa = XCBuildConfiguration;
			buildSettings = {
				ASSETCATALOG_COMPILER_APPICON_NAME = AppIcon;
				CODE_SIGN_STYLE = Automatic;
				INFOPLIST_FILE = FinancialUIkit/Info.plist;
				LD_RUNPATH_SEARCH_PATHS = "$(inherited) @executable_path/Frameworks";
				PRODUCT_BUNDLE_IDENTIFIER = com.karthick.FinancialUIkit;
				PRODUCT_NAME = "$(TARGET_NAME)";
				TARGETED_DEVICE_FAMILY = "1,2";
			};
			name = Debug;
		};
		4B16FC1F222ED08C00DDEB62 /* Release */ = {
			isa = XCBuildConfiguration;
			buildSettings = {
				ASSETCATALOG_COMPILER_APPICON_NAME = AppIcon;
				CODE_SIGN_STYLE = Automatic;
				INFOPLIST_FILE = FinancialUIkit/Info.plist;
				LD_RUNPATH_SEARCH_PATHS = "$(inherited) @executable_path/Frameworks";
				PRODUCT_BUNDLE_IDENTIFIER = com.karthick.FinancialUIkit;
				PRODUCT_NAME = "$(TARGET_NAME)";
				TARGETED_DEVICE_FAMILY = "1,2";
			};
			name = Release;
		};
/* End XCBuildConfiguration section */

/* Begin XCConfigurationList section */
		4B16FC02222ED08C00DDEB62 /* Build configuration list for PBXProject "FinancialUIkit" */ = {
			isa = XCConfigurationList;
			buildConfigurations = (
				4B16FC1B222ED08C00DDEB62 /* Debug */,
				4B16FC1C222ED08C00DDEB62 /* Release */,
			);
			defaultConfigurationIsVisible = 0;
			defaultConfigurationName = Release;
		};
		4B16FC1D222ED08C00DDEB62 /* Build configuration list for PBXNativeTarget "FinancialUIkit" */ = {
			isa = XCConfigurationList;
			buildConfigurations = (
				4B16FC1E222ED08C00DDEB62 /* Debug */,
				4B16FC1F222ED08C00DDEB62 /* Release */,
			);
			defaultConfigurationIsVisible = 0;
			defaultConfigurationName = Release;
		};
/* End XCConfigurationList section */
	};
	rootObject = 4B16FBFF222ED08C00DDEB62 /* Project object */;
}
